// !$*UTF8*$!
{
	archiveVersion = 1;
	classes = {
	};
	objectVersion = 46;
	objects = {

/* Begin PBXBuildFile section */
		D0983BD91BE6E65B00076F1D /* AppDelegate.swift in Sources */ = {isa = PBXBuildFile; fileRef = D0983BD81BE6E65B00076F1D /* AppDelegate.swift */; };
		D0983BDB1BE6E65B00076F1D /* ViewController.swift in Sources */ = {isa = PBXBuildFile; fileRef = D0983BDA1BE6E65B00076F1D /* ViewController.swift */; };
		D0983BDE1BE6E65B00076F1D /* Main.storyboard in Resources */ = {isa = PBXBuildFile; fileRef = D0983BDC1BE6E65B00076F1D /* Main.storyboard */; };
		D0983BE01BE6E65B00076F1D /* Assets.xcassets in Resources */ = {isa = PBXBuildFile; fileRef = D0983BDF1BE6E65B00076F1D /* Assets.xcassets */; };
		D0983BE31BE6E65B00076F1D /* LaunchScreen.storyboard in Resources */ = {isa = PBXBuildFile; fileRef = D0983BE11BE6E65B00076F1D /* LaunchScreen.storyboard */; };
		D0983BEB1BE6E6F400076F1D /* cat.png in Resources */ = {isa = PBXBuildFile; fileRef = D0983BEA1BE6E6F400076F1D /* cat.png */; };
/* End PBXBuildFile section */

/* Begin PBXFileReference section */
		D0983BD51BE6E65B00076F1D /* Cat Years.app */ = {isa = PBXFileReference; explicitFileType = wrapper.application; includeInIndex = 0; path = "Cat Years.app"; sourceTree = BUILT_PRODUCTS_DIR; };
		D0983BD81BE6E65B00076F1D /* AppDelegate.swift */ = {isa = PBXFileReference; lastKnownFileType = sourcecode.swift; path = AppDelegate.swift; sourceTree = "<group>"; };
		D0983BDA1BE6E65B00076F1D /* ViewController.swift */ = {isa = PBXFileReference; lastKnownFileType = sourcecode.swift; path = ViewController.swift; sourceTree = "<group>"; };
		D0983BDD1BE6E65B00076F1D /* Base */ = {isa = PBXFileReference; lastKnownFileType = file.storyboard; name = Base; path = Base.lproj/Main.storyboard; sourceTree = "<group>"; };
		D0983BDF1BE6E65B00076F1D /* Assets.xcassets */ = {isa = PBXFileReference; lastKnownFileType = folder.assetcatalog; path = Assets.xcassets; sourceTree = "<group>"; };
		D0983BE21BE6E65B00076F1D /* Base */ = {isa = PBXFileReference; lastKnownFileType = file.storyboard; name = Base; path = Base.lproj/LaunchScreen.storyboard; sourceTree = "<group>"; };
		D0983BE41BE6E65B00076F1D /* Info.plist */ = {isa = PBXFileReference; lastKnownFileType = text.plist.xml; path = Info.plist; sourceTree = "<group>"; };
		D0983BEA1BE6E6F400076F1D /* cat.png */ = {isa = PBXFileReference; lastKnownFileType = image.png; name = cat.png; path = ../../../Desktop/cat.png; sourceTree = "<group>"; };
/* End PBXFileReference section */

/* Begin PBXFrameworksBuildPhase section */
		D0983BD21BE6E65B00076F1D /* Frameworks */ = {
			isa = PBXFrameworksBuildPhase;
			buildActionMask = 2147483647;
			files = (
			);
			runOnlyForDeploymentPostprocessing = 0;
		};
/* End PBXFrameworksBuildPhase section */

/* Begin PBXGroup section */
		D0983BCC1BE6E65B00076F1D = {
			isa = PBXGroup;
			children = (
				D0983BD71BE6E65B00076F1D /* Cat Years */,
				D0983BD61BE6E65B00076F1D /* Products */,
			);
			sourceTree = "<group>";
		};
		D0983BD61BE6E65B00076F1D /* Products */ = {
			isa = PBXGroup;
			children = (
				D0983BD51BE6E65B00076F1D /* Cat Years.app */,
			);
			name = Products;
			sourceTree = "<group>";
		};
		D0983BD71BE6E65B00076F1D /* Cat Years */ = {
			isa = PBXGroup;
			children = (
				D0983BD81BE6E65B00076F1D /* AppDelegate.swift */,
				D0983BDA1BE6E65B00076F1D /* ViewController.swift */,
				D0983BEA1BE6E6F400076F1D /* cat.png */,
				D0983BDC1BE6E65B00076F1D /* Main.storyboard */,
				D0983BDF1BE6E65B00076F1D /* Assets.xcassets */,
				D0983BE11BE6E65B00076F1D /* LaunchScreen.storyboard */,
				D0983BE41BE6E65B00076F1D /* Info.plist */,
			);
			path = "Cat Years";
			sourceTree = "<group>";
		};
/* End PBXGroup section */

/* Begin PBXNativeTarget section */
		D0983BD41BE6E65B00076F1D /* Cat Years */ = {
			isa = PBXNativeTarget;
			buildConfigurationList = D0983BE71BE6E65B00076F1D /* Build configuration list for PBXNativeTarget "Cat Years" */;
			buildPhases = (
				D0983BD11BE6E65B00076F1D /* Sources */,
				D0983BD21BE6E65B00076F1D /* Frameworks */,
				D0983BD31BE6E65B00076F1D /* Resources */,
			);
			buildRules = (
			);
			dependencies = (
			);
			name = "Cat Years";
			productName = "Cat Years";
			productReference = D0983BD51BE6E65B00076F1D /* Cat Years.app */;
			productType = "com.apple.product-type.application";
		};
/* End PBXNativeTarget section */

/* Begin PBXProject section */
		D0983BCD1BE6E65B00076F1D /* Project object */ = {
			isa = PBXProject;
			attributes = {
				LastSwiftUpdateCheck = 0710;
				LastUpgradeCheck = 0710;
				ORGANIZATIONNAME = APNApp;
				TargetAttributes = {
					D0983BD41BE6E65B00076F1D = {
						CreatedOnToolsVersion = 7.1;
					};
				};
			};
			buildConfigurationList = D0983BD01BE6E65B00076F1D /* Build configuration list for PBXProject "Cat Years" */;
			compatibilityVersion = "Xcode 3.2";
			developmentRegion = English;
			hasScannedForEncodings = 0;
			knownRegions = (
				en,
				Base,
			);
			mainGroup = D0983BCC1BE6E65B00076F1D;
			productRefGroup = D0983BD61BE6E65B00076F1D /* Products */;
			projectDirPath = "";
			projectRoot = "";
			targets = (
				D0983BD41BE6E65B00076F1D /* Cat Years */,
			);
		};
/* End PBXProject section */

/* Begin PBXResourcesBuildPhase section */
		D0983BD31BE6E65B00076F1D /* Resources */ = {
			isa = PBXResourcesBuildPhase;
			buildActionMask = 2147483647;
			files = (
				D0983BE31BE6E65B00076F1D /* LaunchScreen.storyboard in Resources */,
				D0983BE01BE6E65B00076F1D /* Assets.xcassets in Resources */,
				D0983BEB1BE6E6F400076F1D /* cat.png in Resources */,
				D0983BDE1BE6E65B00076F1D /* Main.storyboard in Resources */,
			);
			runOnlyForDeploymentPostprocessing = 0;
		};
/* End PBXResourcesBuildPhase section */

/* Begin PBXSourcesBuildPhase section */
		D0983BD11BE6E65B00076F1D /* Sources */ = {
			isa = PBXSourcesBuildPhase;
			buildActionMask = 2147483647;
			files = (
				D0983BDB1BE6E65B00076F1D /* ViewController.swift in Sources */,
				D0983BD91BE6E65B00076F1D /* AppDelegate.swift in Sources */,
			);
			runOnlyForDeploymentPostprocessing = 0;
		};
/* End PBXSourcesBuildPhase section */

/* Begin PBXVariantGroup section */
		D0983BDC1BE6E65B00076F1D /* Main.storyboard */ = {
			isa = PBXVariantGroup;
			children = (
				D0983BDD1BE6E65B00076F1D /* Base */,
			);
			name = Main.storyboard;
			sourceTree = "<group>";
		};
		D0983BE11BE6E65B00076F1D /* LaunchScreen.storyboard */ = {
			isa = PBXVariantGroup;
			children = (
				D0983BE21BE6E65B00076F1D /* Base */,
			);
			name = LaunchScreen.storyboard;
			sourceTree = "<group>";
		};
/* End PBXVariantGroup section */

/* Begin XCBuildConfiguration section */
		D0983BE51BE6E65B00076F1D /* Debug */ = {
			isa = XCBuildConfiguration;
			buildSettings = {
				ALWAYS_SEARCH_USER_PATHS = NO;
				CLANG_CXX_LANGUAGE_STANDARD = "gnu++0x";
				CLANG_CXX_LIBRARY = "libc++";
				CLANG_ENABLE_MODULES = YES;
				CLANG_ENABLE_OBJC_ARC = YES;
				CLANG_WARN_BOOL_CONVERSION = YES;
				CLANG_WARN_CONSTANT_CONVERSION = YES;
				CLANG_WARN_DIRECT_OBJC_ISA_USAGE = YES_ERROR;
				CLANG_WARN_EMPTY_BODY = YES;
				CLANG_WARN_ENUM_CONVERSION = YES;
				CLANG_WARN_INT_CONVERSION = YES;
				CLANG_WARN_OBJC_ROOT_CLASS = YES_ERROR;
				CLANG_WARN_UNREACHABLE_CODE = YES;
				CLANG_WARN__DUPLICATE_METHOD_MATCH = YES;
				"CODE_SIGN_IDENTITY[sdk=iphoneos*]" = "iPhone Developer";
				COPY_PHASE_STRIP = NO;
				DEBUG_INFORMATION_FORMAT = dwarf;
				ENABLE_STRICT_OBJC_MSGSEND = YES;
				ENABLE_TESTABILITY = YES;
				GCC_C_LANGUAGE_STANDARD = gnu99;
				GCC_DYNAMIC_NO_PIC = NO;
				GCC_NO_COMMON_BLOCKS = YES;
				GCC_OPTIMIZATION_LEVEL = 0;
				GCC_PREPROCESSOR_DEFINITIONS = (
					"DEBUG=1",
					"$(inherited)",
				);
				GCC_WARN_64_TO_32_BIT_CONVERSION = YES;
				GCC_WARN_ABOUT_RETURN_TYPE = YES_ERROR;
				GCC_WARN_UNDECLARED_SELECTOR = YES;
				GCC_WARN_UNINITIALIZED_AUTOS = YES_AGGRESSIVE;
				GCC_WARN_UNUSED_FUNCTION = YES;
				GCC_WARN_UNUSED_VARIABLE = YES;
				IPHONEOS_DEPLOYMENT_TARGET = 9.1;
				MTL_ENABLE_DEBUG_INFO = YES;
				ONLY_ACTIVE_ARCH = YES;
				SDKROOT = iphoneos;
				SWIFT_OPTIMIZATION_LEVEL = "-Onone";
			};
			name = Debug;
		};
		D0983BE61BE6E65B00076F1D /* Release */ = {
			isa = XCBuildConfiguration;
			buildSettings = {
				ALWAYS_SEARCH_USER_PATHS = NO;
				CLANG_CXX_LANGUAGE_STANDARD = "gnu++0x";
				CLANG_CXX_LIBRARY = "libc++";
				CLANG_ENABLE_MODULES = YES;
				CLANG_ENABLE_OBJC_ARC = YES;
				CLANG_WARN_BOOL_CONVERSION = YES;
				CLANG_WARN_CONSTANT_CONVERSION = YES;
				CLANG_WARN_DIRECT_OBJC_ISA_USAGE = YES_ERROR;
				CLANG_WARN_EMPTY_BODY = YES;
				CLANG_WARN_ENUM_CONVERSION = YES;
				CLANG_WARN_INT_CONVERSION = YES;
				CLANG_WARN_OBJC_ROOT_CLASS = YES_ERROR;
				CLANG_WARN_UNREACHABLE_CODE = YES;
				CLANG_WARN__DUPLICATE_METHOD_MATCH = YES;
				"CODE_SIGN_IDENTITY[sdk=iphoneos*]" = "iPhone Developer";
				COPY_PHASE_STRIP = NO;
				DEBUG_INFORMATION_FORMAT = "dwarf-with-dsym";
				ENABLE_NS_ASSERTIONS = NO;
				ENABLE_STRICT_OBJC_MSGSEND = YES;
				GCC_C_LANGUAGE_STANDARD = gnu99;
				GCC_NO_COMMON_BLOCKS = YES;
				GCC_WARN_64_TO_32_BIT_CONVERSION = YES;
				GCC_WARN_ABOUT_RETURN_TYPE = YES_ERROR;
				GCC_WARN_UNDECLARED_SELECTOR = YES;
				GCC_WARN_UNINITIALIZED_AUTOS = YES_AGGRESSIVE;
				GCC_WARN_UNUSED_FUNCTION = YES;
				GCC_WARN_UNUSED_VARIABLE = YES;
				IPHONEOS_DEPLOYMENT_TARGET = 9.1;
				MTL_ENABLE_DEBUG_INFO = NO;
				SDKROOT = iphoneos;
				VALIDATE_PRODUCT = YES;
			};
			name = Release;
		};
		D0983BE81BE6E65B00076F1D /* Debug */ = {
			isa = XCBuildConfiguration;
			buildSettings = {
				ASSETCATALOG_COMPILER_APPICON_NAME = AppIcon;
				INFOPLIST_FILE = "Cat Years/Info.plist";
				LD_RUNPATH_SEARCH_PATHS = "$(inherited) @executable_path/Frameworks";
				PRODUCT_BUNDLE_IDENTIFIER = "com.apnapp.Cat-Years";
				PRODUCT_NAME = "$(TARGET_NAME)";
			};
			name = Debug;
		};
		D0983BE91BE6E65B00076F1D /* Release */ = {
			isa = XCBuildConfiguration;
			buildSettings = {
				ASSETCATALOG_COMPILER_APPICON_NAME = AppIcon;
				INFOPLIST_FILE = "Cat Years/Info.plist";
				LD_RUNPATH_SEARCH_PATHS = "$(inherited) @executable_path/Frameworks";
				PRODUCT_BUNDLE_IDENTIFIER = "com.apnapp.Cat-Years";
				PRODUCT_NAME = "$(TARGET_NAME)";
			};
			name = Release;
		};
/* End XCBuildConfiguration section */

/* Begin XCConfigurationList section */
		D0983BD01BE6E65B00076F1D /* Build configuration list for PBXProject "Cat Years" */ = {
			isa = XCConfigurationList;
			buildConfigurations = (
				D0983BE51BE6E65B00076F1D /* Debug */,
				D0983BE61BE6E65B00076F1D /* Release */,
			);
			defaultConfigurationIsVisible = 0;
			defaultConfigurationName = Release;
		};
		D0983BE71BE6E65B00076F1D /* Build configuration list for PBXNativeTarget "Cat Years" */ = {
			isa = XCConfigurationList;
			buildConfigurations = (
				D0983BE81BE6E65B00076F1D /* Debug */,
				D0983BE91BE6E65B00076F1D /* Release */,
			);
			defaultConfigurationIsVisible = 0;
		};
/* End XCConfigurationList section */
	};
	rootObject = D0983BCD1BE6E65B00076F1D /* Project object */;
}
